{
  "name": "zrc",
  "version": "1.0.0",
  "lockfileVersion": 2,
  "requires": true,
  "packages": {
    "": {
      "name": "zrc",
      "version": "1.0.0",
      "license": "ISC",
      "dependencies": {
        "@zen-lang/hl7-fhir-r4-core": "^0.5.3",
        "@zen-lang/hl7-fhir-us-core": "^0.5.3"
      }
    },
    "node_modules/@zen-lang/hl7-fhir-r4-core": {
      "version": "0.5.3",
      "resolved": "https://registry.npmjs.org/@zen-lang/hl7-fhir-r4-core/-/hl7-fhir-r4-core-0.5.3.tgz",
      "integrity": "sha512-2YqIHfDNw9X7YMkhz6uzKI1u2FtfmsGyBq6ef/mMhOSDW1kVdm6EMNz+k+YjQpq3c364Nrdudg2PORKFRa1Diw=="
    },
    "node_modules/@zen-lang/hl7-fhir-us-core": {
      "version": "0.5.3",
      "resolved": "https://registry.npmjs.org/@zen-lang/hl7-fhir-us-core/-/hl7-fhir-us-core-0.5.3.tgz",
      "integrity": "sha512-YECiVTH7NKxYYR44ZkRxug1EmGlGON77xzZAoInZDdR3LsKakl1V4OKR4oWTcDYkyCjzy7QhG4RAzYyqctDe+w==",
      "dependencies": {
        "@zen-lang/hl7-fhir-r4-core": "0.5.3"
      }
    }
  },
  "dependencies": {
    "@zen-lang/hl7-fhir-r4-core": {
      "version": "0.5.3",
      "resolved": "https://registry.npmjs.org/@zen-lang/hl7-fhir-r4-core/-/hl7-fhir-r4-core-0.5.3.tgz",
      "integrity": "sha512-2YqIHfDNw9X7YMkhz6uzKI1u2FtfmsGyBq6ef/mMhOSDW1kVdm6EMNz+k+YjQpq3c364Nrdudg2PORKFRa1Diw=="
    },
    "@zen-lang/hl7-fhir-us-core": {
      "version": "0.5.3",
      "resolved": "https://registry.npmjs.org/@zen-lang/hl7-fhir-us-core/-/hl7-fhir-us-core-0.5.3.tgz",
      "integrity": "sha512-YECiVTH7NKxYYR44ZkRxug1EmGlGON77xzZAoInZDdR3LsKakl1V4OKR4oWTcDYkyCjzy7QhG4RAzYyqctDe+w==",
      "requires": {
        "@zen-lang/hl7-fhir-r4-core": "0.5.3"
      }
    }
  }
}
